
Microsoft Visual Studio Solution File, Format Version 12.00
# Visual Studio 15
VisualStudioVersion = 15.0.28010.2036
MinimumVisualStudioVersion = 10.0.40219.1
Project("{FAE04EC0-301F-11D3-BF4B-00C04F79EFBC}") = "web-api", "web-api\web-api.csproj", "{28F26BB1-A6A7-4DE0-8811-C9D5D96631D5}"
EndProject
Project("{FAE04EC0-301F-11D3-BF4B-00C04F79EFBC}") = "web-api-tests", "web-api-tests\web-api-tests.csproj", "{949DB076-65F9-4DE5-BE8D-3003B34DFBCD}"
EndProject
Global
	GlobalSection(SolutionConfigurationPlatforms) = preSolution
		Debug|Any CPU = Debug|Any CPU
		Release|Any CPU = Release|Any CPU
	EndGlobalSection
	GlobalSection(ProjectConfigurationPlatforms) = postSolution
		{28F26BB1-A6A7-4DE0-8811-C9D5D96631D5}.Debug|Any CPU.ActiveCfg = Debug|Any CPU
		{28F26BB1-A6A7-4DE0-8811-C9D5D96631D5}.Debug|Any CPU.Build.0 = Debug|Any CPU
		{28F26BB1-A6A7-4DE0-8811-C9D5D96631D5}.Release|Any CPU.ActiveCfg = Release|Any CPU
		{28F26BB1-A6A7-4DE0-8811-C9D5D96631D5}.Release|Any CPU.Build.0 = Release|Any CPU
		{949DB076-65F9-4DE5-BE8D-3003B34DFBCD}.Debug|Any CPU.ActiveCfg = Debug|Any CPU
		{949DB076-65F9-4DE5-BE8D-3003B34DFBCD}.Debug|Any CPU.Build.0 = Debug|Any CPU
		{949DB076-65F9-4DE5-BE8D-3003B34DFBCD}.Release|Any CPU.ActiveCfg = Release|Any CPU
		{949DB076-65F9-4DE5-BE8D-3003B34DFBCD}.Release|Any CPU.Build.0 = Release|Any CPU
	EndGlobalSection
	GlobalSection(SolutionProperties) = preSolution
		HideSolutionNode = FALSE
	EndGlobalSection
	GlobalSection(ExtensibilityGlobals) = postSolution
		SolutionGuid = {33256430-BF4B-4D8A-946D-4F79FA834C45}
	EndGlobalSection
EndGlobal
